
Microsoft Visual Studio Solution File, Format Version 12.00
# Visual Studio Version 17
VisualStudioVersion = 17.4.33110.190
MinimumVisualStudioVersion = 10.0.40219.1
Project("{FAE04EC0-301F-11D3-BF4B-00C04F79EFBC}") = "MoodAnalyzerProblem", "MoodAnalyzerProblem\MoodAnalyzerProblem.csproj", "{AEF12C75-3CC6-4E39-B769-5673C8DE3634}"
EndProject
Project("{FAE04EC0-301F-11D3-BF4B-00C04F79EFBC}") = "TestCases", "TestCases\TestCases.csproj", "{C7E56345-2D40-42EA-B2B4-5C53FB3EE870}"
EndProject
Global
	GlobalSection(SolutionConfigurationPlatforms) = preSolution
		Debug|Any CPU = Debug|Any CPU
		Release|Any CPU = Release|Any CPU
	EndGlobalSection
	GlobalSection(ProjectConfigurationPlatforms) = postSolution
		{AEF12C75-3CC6-4E39-B769-5673C8DE3634}.Debug|Any CPU.ActiveCfg = Debug|Any CPU
		{AEF12C75-3CC6-4E39-B769-5673C8DE3634}.Debug|Any CPU.Build.0 = Debug|Any CPU
		{AEF12C75-3CC6-4E39-B769-5673C8DE3634}.Release|Any CPU.ActiveCfg = Release|Any CPU
		{AEF12C75-3CC6-4E39-B769-5673C8DE3634}.Release|Any CPU.Build.0 = Release|Any CPU
		{C7E56345-2D40-42EA-B2B4-5C53FB3EE870}.Debug|Any CPU.ActiveCfg = Debug|Any CPU
		{C7E56345-2D40-42EA-B2B4-5C53FB3EE870}.Debug|Any CPU.Build.0 = Debug|Any CPU
		{C7E56345-2D40-42EA-B2B4-5C53FB3EE870}.Release|Any CPU.ActiveCfg = Release|Any CPU
		{C7E56345-2D40-42EA-B2B4-5C53FB3EE870}.Release|Any CPU.Build.0 = Release|Any CPU
	EndGlobalSection
	GlobalSection(SolutionProperties) = preSolution
		HideSolutionNode = FALSE
	EndGlobalSection
	GlobalSection(ExtensibilityGlobals) = postSolution
		SolutionGuid = {5089F790-5AD7-4832-81CD-04A433E7D90B}
	EndGlobalSection
EndGlobal
